
Microsoft Visual Studio Solution File, Format Version 11.00
# Visual Studio 2010
Project("{FAE04EC0-301F-11D3-BF4B-00C04F79EFBC}") = "Pong", "Pong\Pong\Pong.csproj", "{74AC7BDE-5415-415D-94C4-3E00B050C41D}"
EndProject
Project("{96E2B04D-8817-42C6-938A-82C39BA4D311}") = "PongContent", "Pong\PongContent\PongContent.contentproj", "{69199F61-040E-4073-9502-4FF301D4E221}"
EndProject
Global
	GlobalSection(SolutionConfigurationPlatforms) = preSolution
		Debug|x86 = Debug|x86
		Release|x86 = Release|x86
	EndGlobalSection
	GlobalSection(ProjectConfigurationPlatforms) = postSolution
		{74AC7BDE-5415-415D-94C4-3E00B050C41D}.Debug|x86.ActiveCfg = Debug|x86
		{74AC7BDE-5415-415D-94C4-3E00B050C41D}.Debug|x86.Build.0 = Debug|x86
		{74AC7BDE-5415-415D-94C4-3E00B050C41D}.Release|x86.ActiveCfg = Release|x86
		{74AC7BDE-5415-415D-94C4-3E00B050C41D}.Release|x86.Build.0 = Release|x86
		{69199F61-040E-4073-9502-4FF301D4E221}.Debug|x86.ActiveCfg = Debug|x86
		{69199F61-040E-4073-9502-4FF301D4E221}.Release|x86.ActiveCfg = Release|x86
	EndGlobalSection
	GlobalSection(SolutionProperties) = preSolution
		HideSolutionNode = FALSE
	EndGlobalSection
EndGlobal
